{
  "nodes": {
    "armooo-dotfiles": {
      "flake": false,
      "locked": {
        "lastModified": 1733544143,
        "narHash": "sha256-lxDli3gMtgf1bK52e8htutMNyCsyysQtt6FbXyanGBQ=",
        "owner": "armooo",
        "repo": "dotfiles",
        "rev": "52bea952a24d8f6bdd1cd5db539a0a5c0b585585",
        "type": "github"
      },
      "original": {
        "owner": "armooo",
        "repo": "dotfiles",
        "type": "github"
      }
    },
    "home-manager": {
      "inputs": {
        "nixpkgs": [
          "nixpkgs"
        ]
      },
      "locked": {
        "lastModified": 1733482664,
        "narHash": "sha256-ZD+h1fwvZs+Xvg46lzTWveAqyDe18h9m7wZnTIJfFZ4=",
        "owner": "nix-community",
        "repo": "home-manager",
        "rev": "e38d3dd1d355a003cc63e8fe6ff66ef2257509ed",
        "type": "github"
      },
      "original": {
        "owner": "nix-community",
        "ref": "release-24.11",
        "repo": "home-manager",
        "type": "github"
      }
    },
    "nixos-hardware": {
      "locked": {
        "lastModified": 1733481457,
        "narHash": "sha256-IS3bxa4N1VMSh3/P6vhEAHQZecQ3oAlKCDvzCQSO5Is=",
        "owner": "NixOS",
        "repo": "nixos-hardware",
        "rev": "e563803af3526852b6b1d77107a81908c66a9fcf",
        "type": "github"
      },
      "original": {
        "owner": "NixOS",
        "repo": "nixos-hardware",
        "type": "github"
      }
    },
    "nixpkgs": {
      "locked": {
        "lastModified": 1733412085,
        "narHash": "sha256-FillH0qdWDt/nlO6ED7h4cmN+G9uXwGjwmCnHs0QVYM=",
        "owner": "NixOS",
        "repo": "nixpkgs",
        "rev": "4dc2fc4e62dbf62b84132fe526356fbac7b03541",
        "type": "github"
      },
      "original": {
        "owner": "NixOS",
        "ref": "nixos-24.11",
        "repo": "nixpkgs",
        "type": "github"
      }
    },
    "root": {
      "inputs": {
        "armooo-dotfiles": "armooo-dotfiles",
        "home-manager": "home-manager",
        "nixos-hardware": "nixos-hardware",
        "nixpkgs": "nixpkgs",
        "virtualfish": "virtualfish"
      }
    },
    "virtualfish": {
      "flake": false,
      "locked": {
        "lastModified": 1732735458,
        "narHash": "sha256-eomd3CA0iASjqMlEMpzPHV7BawB4qa//lnj2mAFi+Ec=",
        "owner": "justinmayer",
        "repo": "virtualfish",
        "rev": "341a88b73c4574e0b9d8773048fbb8147b3830b4",
        "type": "github"
      },
      "original": {
        "owner": "justinmayer",
        "repo": "virtualfish",
        "type": "github"
      }
    }
  },
  "root": "root",
  "version": 7
}
